
Microsoft Visual Studio Solution File, Format Version 12.00
# Visual Studio Version 17
VisualStudioVersion = 17.3.32929.385
MinimumVisualStudioVersion = 10.0.40219.1
Project("{FAE04EC0-301F-11D3-BF4B-00C04F79EFBC}") = "HelloWorldGraphic", "HelloWorldGraphic\HelloWorldGraphic.csproj", "{8855470A-89AD-42EA-BC2E-707FC600A3DB}"
EndProject
Global
	GlobalSection(SolutionConfigurationPlatforms) = preSolution
		Debug|Any CPU = Debug|Any CPU
		Release|Any CPU = Release|Any CPU
	EndGlobalSection
	GlobalSection(ProjectConfigurationPlatforms) = postSolution
		{8855470A-89AD-42EA-BC2E-707FC600A3DB}.Debug|Any CPU.ActiveCfg = Debug|Any CPU
		{8855470A-89AD-42EA-BC2E-707FC600A3DB}.Debug|Any CPU.Build.0 = Debug|Any CPU
		{8855470A-89AD-42EA-BC2E-707FC600A3DB}.Release|Any CPU.ActiveCfg = Release|Any CPU
		{8855470A-89AD-42EA-BC2E-707FC600A3DB}.Release|Any CPU.Build.0 = Release|Any CPU
	EndGlobalSection
	GlobalSection(SolutionProperties) = preSolution
		HideSolutionNode = FALSE
	EndGlobalSection
	GlobalSection(ExtensibilityGlobals) = postSolution
		SolutionGuid = {FE83A4A0-A57C-405B-9CF9-6725F49ADA72}
	EndGlobalSection
EndGlobal
