
Microsoft Visual Studio Solution File, Format Version 12.00
# Visual Studio Version 17
VisualStudioVersion = 17.3.32929.385
MinimumVisualStudioVersion = 10.0.40219.1
Project("{FAE04EC0-301F-11D3-BF4B-00C04F79EFBC}") = "RetoMetodosStrings", "RetoMetodosStrings\RetoMetodosStrings.csproj", "{19A046F2-31FF-45DE-972C-4B36BC49CC07}"
EndProject
Global
	GlobalSection(SolutionConfigurationPlatforms) = preSolution
		Debug|Any CPU = Debug|Any CPU
		Release|Any CPU = Release|Any CPU
	EndGlobalSection
	GlobalSection(ProjectConfigurationPlatforms) = postSolution
		{19A046F2-31FF-45DE-972C-4B36BC49CC07}.Debug|Any CPU.ActiveCfg = Debug|Any CPU
		{19A046F2-31FF-45DE-972C-4B36BC49CC07}.Debug|Any CPU.Build.0 = Debug|Any CPU
		{19A046F2-31FF-45DE-972C-4B36BC49CC07}.Release|Any CPU.ActiveCfg = Release|Any CPU
		{19A046F2-31FF-45DE-972C-4B36BC49CC07}.Release|Any CPU.Build.0 = Release|Any CPU
	EndGlobalSection
	GlobalSection(SolutionProperties) = preSolution
		HideSolutionNode = FALSE
	EndGlobalSection
	GlobalSection(ExtensibilityGlobals) = postSolution
		SolutionGuid = {2FEC11C4-86E4-48E5-AA8C-E98578B4A7E6}
	EndGlobalSection
EndGlobal
